
Microsoft Visual Studio Solution File, Format Version 11.00
# Visual Studio 2010
Project("{8BC9CEB8-8B4A-11D0-8D11-00A0C91BC942}") = "KinectSdkLib", "vc10\KinectSdkLib.vcxproj", "{74202EDD-91D2-4D2A-B0B6-355CEB16E6BE}"
EndProject
Project("{8BC9CEB8-8B4A-11D0-8D11-00A0C91BC942}") = "KinectApp", "samples\KinectApp\vc10\KinectApp.vcxproj", "{50D9F5BC-1C06-4326-A9E2-C402244A2028}"
EndProject
Project("{8BC9CEB8-8B4A-11D0-8D11-00A0C91BC942}") = "MeshApp", "samples\MeshApp\vc10\MeshApp.vcxproj", "{4E63B30C-590A-4986-8E7C-67125A1E902C}"
EndProject
Project("{8BC9CEB8-8B4A-11D0-8D11-00A0C91BC942}") = "PointCloudApp", "samples\PointCloudApp\vc10\PointCloudApp.vcxproj", "{7CD58478-090C-4131-BCA8-13B14D4BD093}"
EndProject
Project("{8BC9CEB8-8B4A-11D0-8D11-00A0C91BC942}") = "PointCloudGpuApp", "samples\PointCloudGpuApp\vc10\PointCloudGpuApp.vcxproj", "{E9FBF0C4-948A-41C7-B330-BE13AB1420C4}"
EndProject
Project("{8BC9CEB8-8B4A-11D0-8D11-00A0C91BC942}") = "SkeletonApp", "samples\SkeletonApp\vc10\SkeletonApp.vcxproj", "{2B1B447D-A2DD-49DE-B755-C282CD00BF9B}"
EndProject
Project("{8BC9CEB8-8B4A-11D0-8D11-00A0C91BC942}") = "SkeletonBitmapApp", "samples\SkeletonBitmapApp\vc10\SkeletonBitmapApp.vcxproj", "{B8E59EFD-2CAC-4E88-9B5D-EC62F3E13533}"
EndProject
Project("{8BC9CEB8-8B4A-11D0-8D11-00A0C91BC942}") = "MultiDeviceApp", "samples\MultiDeviceApp\vc10\MultiDeviceApp.vcxproj", "{A15B829E-A57F-458A-B420-970F06265BF2}"
EndProject
Project("{8BC9CEB8-8B4A-11D0-8D11-00A0C91BC942}") = "ContoursApp", "samples\ContoursApp\vc10\ContoursApp.vcxproj", "{AA1B6478-CCA0-4C0E-8B33-0C45CB82251F}"
EndProject
Global
	GlobalSection(SolutionConfigurationPlatforms) = preSolution
		Debug|Win32 = Debug|Win32
		Release|Win32 = Release|Win32
	EndGlobalSection
	GlobalSection(ProjectConfigurationPlatforms) = postSolution
		{74202EDD-91D2-4D2A-B0B6-355CEB16E6BE}.Debug|Win32.ActiveCfg = Debug|Win32
		{74202EDD-91D2-4D2A-B0B6-355CEB16E6BE}.Debug|Win32.Build.0 = Debug|Win32
		{74202EDD-91D2-4D2A-B0B6-355CEB16E6BE}.Release|Win32.ActiveCfg = Release|Win32
		{74202EDD-91D2-4D2A-B0B6-355CEB16E6BE}.Release|Win32.Build.0 = Release|Win32
		{50D9F5BC-1C06-4326-A9E2-C402244A2028}.Debug|Win32.ActiveCfg = Debug|Win32
		{50D9F5BC-1C06-4326-A9E2-C402244A2028}.Debug|Win32.Build.0 = Debug|Win32
		{50D9F5BC-1C06-4326-A9E2-C402244A2028}.Release|Win32.ActiveCfg = Release|Win32
		{50D9F5BC-1C06-4326-A9E2-C402244A2028}.Release|Win32.Build.0 = Release|Win32
		{4E63B30C-590A-4986-8E7C-67125A1E902C}.Debug|Win32.ActiveCfg = Debug|Win32
		{4E63B30C-590A-4986-8E7C-67125A1E902C}.Debug|Win32.Build.0 = Debug|Win32
		{4E63B30C-590A-4986-8E7C-67125A1E902C}.Release|Win32.ActiveCfg = Release|Win32
		{4E63B30C-590A-4986-8E7C-67125A1E902C}.Release|Win32.Build.0 = Release|Win32
		{7CD58478-090C-4131-BCA8-13B14D4BD093}.Debug|Win32.ActiveCfg = Debug|Win32
		{7CD58478-090C-4131-BCA8-13B14D4BD093}.Debug|Win32.Build.0 = Debug|Win32
		{7CD58478-090C-4131-BCA8-13B14D4BD093}.Release|Win32.ActiveCfg = Release|Win32
		{7CD58478-090C-4131-BCA8-13B14D4BD093}.Release|Win32.Build.0 = Release|Win32
		{E9FBF0C4-948A-41C7-B330-BE13AB1420C4}.Debug|Win32.ActiveCfg = Debug|Win32
		{E9FBF0C4-948A-41C7-B330-BE13AB1420C4}.Debug|Win32.Build.0 = Debug|Win32
		{E9FBF0C4-948A-41C7-B330-BE13AB1420C4}.Release|Win32.ActiveCfg = Release|Win32
		{E9FBF0C4-948A-41C7-B330-BE13AB1420C4}.Release|Win32.Build.0 = Release|Win32
		{2B1B447D-A2DD-49DE-B755-C282CD00BF9B}.Debug|Win32.ActiveCfg = Debug|Win32
		{2B1B447D-A2DD-49DE-B755-C282CD00BF9B}.Debug|Win32.Build.0 = Debug|Win32
		{2B1B447D-A2DD-49DE-B755-C282CD00BF9B}.Release|Win32.ActiveCfg = Release|Win32
		{2B1B447D-A2DD-49DE-B755-C282CD00BF9B}.Release|Win32.Build.0 = Release|Win32
		{B8E59EFD-2CAC-4E88-9B5D-EC62F3E13533}.Debug|Win32.ActiveCfg = Debug|Win32
		{B8E59EFD-2CAC-4E88-9B5D-EC62F3E13533}.Debug|Win32.Build.0 = Debug|Win32
		{B8E59EFD-2CAC-4E88-9B5D-EC62F3E13533}.Release|Win32.ActiveCfg = Release|Win32
		{B8E59EFD-2CAC-4E88-9B5D-EC62F3E13533}.Release|Win32.Build.0 = Release|Win32
		{A15B829E-A57F-458A-B420-970F06265BF2}.Debug|Win32.ActiveCfg = Debug|Win32
		{A15B829E-A57F-458A-B420-970F06265BF2}.Debug|Win32.Build.0 = Debug|Win32
		{A15B829E-A57F-458A-B420-970F06265BF2}.Release|Win32.ActiveCfg = Release|Win32
		{A15B829E-A57F-458A-B420-970F06265BF2}.Release|Win32.Build.0 = Release|Win32
		{AA1B6478-CCA0-4C0E-8B33-0C45CB82251F}.Debug|Win32.ActiveCfg = Debug|Win32
		{AA1B6478-CCA0-4C0E-8B33-0C45CB82251F}.Debug|Win32.Build.0 = Debug|Win32
		{AA1B6478-CCA0-4C0E-8B33-0C45CB82251F}.Release|Win32.ActiveCfg = Release|Win32
		{AA1B6478-CCA0-4C0E-8B33-0C45CB82251F}.Release|Win32.Build.0 = Release|Win32
	EndGlobalSection
	GlobalSection(SolutionProperties) = preSolution
		HideSolutionNode = FALSE
	EndGlobalSection
EndGlobal
