<?xml version="1.0" encoding="utf-8"?>
<Project ToolsVersion="4.0" xmlns="http://schemas.microsoft.com/developer/msbuild/2003">
  <ItemGroup>
    <Filter Include="Source Files">
      <UniqueIdentifier>{4FC737F1-C7A5-4376-A066-2A32D752A2FF}</UniqueIdentifier>
      <Extensions>cpp;c;cc;cxx;def;odl;idl;hpj;bat;asm;asmx</Extensions>
    </Filter>
    <Filter Include="blocks">
      <UniqueIdentifier>{bc923a7f-9032-44d0-91e8-3747da8487ea}</UniqueIdentifier>
    </Filter>
    <Filter Include="Resource Files">
      <UniqueIdentifier>{aba83541-eadc-4a4a-a5e3-de71d0e60139}</UniqueIdentifier>
    </Filter>
    <Filter Include="blocks\Cinder-AudioInputWin">
      <UniqueIdentifier>{92da7827-9f0d-4a8f-8ce8-fdba3f2d1ea9}</UniqueIdentifier>
    </Filter>
    <Filter Include="blocks\Cinder-KinectSdk">
      <UniqueIdentifier>{1889549a-f9cc-477d-a1b8-75dc6b47e9dd}</UniqueIdentifier>
    </Filter>
  </ItemGroup>
  <ItemGroup>
    <ClCompile Include="..\src\KinectApp.cpp">
      <Filter>Source Files</Filter>
    </ClCompile>
  </ItemGroup>
  <ItemGroup>
    <ResourceCompile Include="Resources.rc">
      <Filter>Resource Files</Filter>
    </ResourceCompile>
  </ItemGroup>
  <ItemGroup>
    <ClInclude Include="..\..\..\..\Cinder-AudioInputWin\src\AudioInput.h">
      <Filter>blocks\Cinder-AudioInputWin</Filter>
    </ClInclude>
    <ClInclude Include="..\..\..\src\Kinect.h">
      <Filter>blocks\Cinder-KinectSdk</Filter>
    </ClInclude>
  </ItemGroup>
</Project>